
Microsoft Visual Studio Solution File, Format Version 12.00
# Visual Studio Version 17
VisualStudioVersion = 17.8.34525.116
MinimumVisualStudioVersion = 10.0.40219.1
Project("{2150E333-8FDC-42A3-9474-1A3956D46DE8}") = "FrontEnd", "FrontEnd", "{33EEE029-230C-48CE-8A43-A3E571BFDA0E}"
EndProject
Project("{2150E333-8FDC-42A3-9474-1A3956D46DE8}") = "Gateway", "Gateway", "{5103C0BD-F6E3-4EE2-9785-44B5D98ACF5E}"
EndProject
Project("{2150E333-8FDC-42A3-9474-1A3956D46DE8}") = "Integration", "Integration", "{5C5B8814-C39B-4122-990D-FCC00527BB6B}"
EndProject
Project("{2150E333-8FDC-42A3-9474-1A3956D46DE8}") = "Services", "Services", "{351A1025-B7EC-4F22-BCE4-F2E9FDC8C503}"
EndProject
Project("{9A19103F-16F7-4668-BE54-9A1E7A4F7556}") = "Shopping.Services.CouponAPI", "Shopping.Services.CouponAPI\Shopping.Services.CouponAPI.csproj", "{9920CF82-2C49-4F4D-98E9-80D1D95BDECC}"
EndProject
Project("{2150E333-8FDC-42A3-9474-1A3956D46DE8}") = "SolutionItems", "SolutionItems", "{85DEDE6E-ACAC-468B-ADA8-185851007314}"
	ProjectSection(SolutionItems) = preProject
		LICENSE = LICENSE
		README.md = README.md
	EndProjectSection
EndProject
Project("{FAE04EC0-301F-11D3-BF4B-00C04F79EFBC}") = "Shopping.Web", "Shopping.Web\Shopping.Web.csproj", "{3CC64226-EBAF-4942-BCF6-27FC3A23A1CA}"
EndProject
Global
	GlobalSection(SolutionConfigurationPlatforms) = preSolution
		Debug|Any CPU = Debug|Any CPU
		Release|Any CPU = Release|Any CPU
	EndGlobalSection
	GlobalSection(ProjectConfigurationPlatforms) = postSolution
		{9920CF82-2C49-4F4D-98E9-80D1D95BDECC}.Debug|Any CPU.ActiveCfg = Debug|Any CPU
		{9920CF82-2C49-4F4D-98E9-80D1D95BDECC}.Debug|Any CPU.Build.0 = Debug|Any CPU
		{9920CF82-2C49-4F4D-98E9-80D1D95BDECC}.Release|Any CPU.ActiveCfg = Release|Any CPU
		{9920CF82-2C49-4F4D-98E9-80D1D95BDECC}.Release|Any CPU.Build.0 = Release|Any CPU
		{3CC64226-EBAF-4942-BCF6-27FC3A23A1CA}.Debug|Any CPU.ActiveCfg = Debug|Any CPU
		{3CC64226-EBAF-4942-BCF6-27FC3A23A1CA}.Debug|Any CPU.Build.0 = Debug|Any CPU
		{3CC64226-EBAF-4942-BCF6-27FC3A23A1CA}.Release|Any CPU.ActiveCfg = Release|Any CPU
		{3CC64226-EBAF-4942-BCF6-27FC3A23A1CA}.Release|Any CPU.Build.0 = Release|Any CPU
	EndGlobalSection
	GlobalSection(SolutionProperties) = preSolution
		HideSolutionNode = FALSE
	EndGlobalSection
	GlobalSection(NestedProjects) = preSolution
		{9920CF82-2C49-4F4D-98E9-80D1D95BDECC} = {351A1025-B7EC-4F22-BCE4-F2E9FDC8C503}
		{3CC64226-EBAF-4942-BCF6-27FC3A23A1CA} = {33EEE029-230C-48CE-8A43-A3E571BFDA0E}
	EndGlobalSection
	GlobalSection(ExtensibilityGlobals) = postSolution
		SolutionGuid = {9BC796BF-3926-4A55-BD65-BE8853E7A2E2}
	EndGlobalSection
EndGlobal
